{
  "name": "awsips",
  "version": "1.0.0",
  "lockfileVersion": 1,
  "requires": true,
  "dependencies": {
    "exec": {
      "version": "0.2.1",
      "resolved": "https://registry.npmjs.org/exec/-/exec-0.2.1.tgz",
      "integrity": "sha1-JmHwv8VTKRhikRfLn4DHVkryxR8="
    },
    "fs": {
      "version": "0.0.1-security",
      "resolved": "https://registry.npmjs.org/fs/-/fs-0.0.1-security.tgz",
      "integrity": "sha1-invTcYa23d84E/I4WLV+yq9eQdQ="
    },
    "sudo-prompt": {
      "version": "9.1.1",
      "resolved": "https://registry.npmjs.org/sudo-prompt/-/sudo-prompt-9.1.1.tgz",
      "integrity": "sha512-es33J1g2HjMpyAhz8lOR+ICmXXAqTuKbuXuUWLhOLew20oN9oUCgCJx615U/v7aioZg7IX5lIh9x34vwneu4pA=="
    }
  }
}
